
Microsoft Visual Studio Solution File, Format Version 12.00
# Visual Studio Version 16
VisualStudioVersion = 16.0.30028.174
MinimumVisualStudioVersion = 10.0.40219.1
Project("{9A19103F-16F7-4668-BE54-9A1E7A4F7556}") = "Runner", "Runner\Runner.csproj", "{F63E3803-458B-49FD-BB13-85DF275C6B2F}"
EndProject
Project("{9A19103F-16F7-4668-BE54-9A1E7A4F7556}") = "TestsStorage", "TestsStorage\TestsStorage.csproj", "{D3EE3CDD-68D5-4B78-A000-3B7EB190659B}"
EndProject
Project("{2150E333-8FDC-42A3-9474-1A3956D46DE8}") = "Project", "Project", "{CB2D8A29-24BB-4448-9434-CBC09EAD5062}"
EndProject
Project("{2150E333-8FDC-42A3-9474-1A3956D46DE8}") = "ZMisc", "ZMisc", "{F5F0FF81-BCB3-4F80-92F4-53A729A9539A}"
EndProject
Project("{9A19103F-16F7-4668-BE54-9A1E7A4F7556}") = "UserService", "UserService\UserService.csproj", "{729F7479-8A33-4C9E-8C76-23B9B34EE6CE}"
EndProject
Project("{2150E333-8FDC-42A3-9474-1A3956D46DE8}") = "UserSvc", "UserSvc", "{C07938C3-C29D-47EC-9D7D-4E6ED5EBEFAD}"
EndProject
Project("{9A19103F-16F7-4668-BE54-9A1E7A4F7556}") = "UserService.Db", "UserDb\UserService.Db.csproj", "{68A342F0-2C67-4ED5-9ECD-C27F53231E8A}"
EndProject
Project("{9A19103F-16F7-4668-BE54-9A1E7A4F7556}") = "UserService.Shared", "UserService.Exports\UserService.Shared.csproj", "{B47C3893-28DD-4184-B0C9-9E01634DD0BC}"
EndProject
Project("{9A19103F-16F7-4668-BE54-9A1E7A4F7556}") = "UtilitiesStandard", "..\GeneralPurposeLibs\Utilities\UtilitiesStandard\UtilitiesStandard.csproj", "{155A31F4-FB8D-4BDC-A557-ACD4B3AD3A32}"
EndProject
Project("{9A19103F-16F7-4668-BE54-9A1E7A4F7556}") = "UtilitiesStandard.ASPCore", "..\GeneralPurposeLibs\Utilities\UtilitiesStandard.ASPCore\UtilitiesStandard.ASPCore.csproj", "{725449EF-2E62-478A-996D-911C0D1C2E26}"
EndProject
Global
	GlobalSection(SolutionConfigurationPlatforms) = preSolution
		Debug|Any CPU = Debug|Any CPU
		Release|Any CPU = Release|Any CPU
	EndGlobalSection
	GlobalSection(ProjectConfigurationPlatforms) = postSolution
		{F63E3803-458B-49FD-BB13-85DF275C6B2F}.Debug|Any CPU.ActiveCfg = Debug|Any CPU
		{F63E3803-458B-49FD-BB13-85DF275C6B2F}.Debug|Any CPU.Build.0 = Debug|Any CPU
		{F63E3803-458B-49FD-BB13-85DF275C6B2F}.Release|Any CPU.ActiveCfg = Release|Any CPU
		{F63E3803-458B-49FD-BB13-85DF275C6B2F}.Release|Any CPU.Build.0 = Release|Any CPU
		{D3EE3CDD-68D5-4B78-A000-3B7EB190659B}.Debug|Any CPU.ActiveCfg = Debug|Any CPU
		{D3EE3CDD-68D5-4B78-A000-3B7EB190659B}.Debug|Any CPU.Build.0 = Debug|Any CPU
		{D3EE3CDD-68D5-4B78-A000-3B7EB190659B}.Release|Any CPU.ActiveCfg = Release|Any CPU
		{D3EE3CDD-68D5-4B78-A000-3B7EB190659B}.Release|Any CPU.Build.0 = Release|Any CPU
		{729F7479-8A33-4C9E-8C76-23B9B34EE6CE}.Debug|Any CPU.ActiveCfg = Debug|Any CPU
		{729F7479-8A33-4C9E-8C76-23B9B34EE6CE}.Debug|Any CPU.Build.0 = Debug|Any CPU
		{729F7479-8A33-4C9E-8C76-23B9B34EE6CE}.Release|Any CPU.ActiveCfg = Release|Any CPU
		{729F7479-8A33-4C9E-8C76-23B9B34EE6CE}.Release|Any CPU.Build.0 = Release|Any CPU
		{68A342F0-2C67-4ED5-9ECD-C27F53231E8A}.Debug|Any CPU.ActiveCfg = Debug|Any CPU
		{68A342F0-2C67-4ED5-9ECD-C27F53231E8A}.Debug|Any CPU.Build.0 = Debug|Any CPU
		{68A342F0-2C67-4ED5-9ECD-C27F53231E8A}.Release|Any CPU.ActiveCfg = Release|Any CPU
		{68A342F0-2C67-4ED5-9ECD-C27F53231E8A}.Release|Any CPU.Build.0 = Release|Any CPU
		{B47C3893-28DD-4184-B0C9-9E01634DD0BC}.Debug|Any CPU.ActiveCfg = Debug|Any CPU
		{B47C3893-28DD-4184-B0C9-9E01634DD0BC}.Debug|Any CPU.Build.0 = Debug|Any CPU
		{B47C3893-28DD-4184-B0C9-9E01634DD0BC}.Release|Any CPU.ActiveCfg = Release|Any CPU
		{B47C3893-28DD-4184-B0C9-9E01634DD0BC}.Release|Any CPU.Build.0 = Release|Any CPU
		{155A31F4-FB8D-4BDC-A557-ACD4B3AD3A32}.Debug|Any CPU.ActiveCfg = Debug|Any CPU
		{155A31F4-FB8D-4BDC-A557-ACD4B3AD3A32}.Debug|Any CPU.Build.0 = Debug|Any CPU
		{155A31F4-FB8D-4BDC-A557-ACD4B3AD3A32}.Release|Any CPU.ActiveCfg = Release|Any CPU
		{155A31F4-FB8D-4BDC-A557-ACD4B3AD3A32}.Release|Any CPU.Build.0 = Release|Any CPU
		{725449EF-2E62-478A-996D-911C0D1C2E26}.Debug|Any CPU.ActiveCfg = Debug|Any CPU
		{725449EF-2E62-478A-996D-911C0D1C2E26}.Debug|Any CPU.Build.0 = Debug|Any CPU
		{725449EF-2E62-478A-996D-911C0D1C2E26}.Release|Any CPU.ActiveCfg = Release|Any CPU
		{725449EF-2E62-478A-996D-911C0D1C2E26}.Release|Any CPU.Build.0 = Release|Any CPU
	EndGlobalSection
	GlobalSection(SolutionProperties) = preSolution
		HideSolutionNode = FALSE
	EndGlobalSection
	GlobalSection(NestedProjects) = preSolution
		{F63E3803-458B-49FD-BB13-85DF275C6B2F} = {CB2D8A29-24BB-4448-9434-CBC09EAD5062}
		{D3EE3CDD-68D5-4B78-A000-3B7EB190659B} = {CB2D8A29-24BB-4448-9434-CBC09EAD5062}
		{729F7479-8A33-4C9E-8C76-23B9B34EE6CE} = {C07938C3-C29D-47EC-9D7D-4E6ED5EBEFAD}
		{C07938C3-C29D-47EC-9D7D-4E6ED5EBEFAD} = {CB2D8A29-24BB-4448-9434-CBC09EAD5062}
		{68A342F0-2C67-4ED5-9ECD-C27F53231E8A} = {C07938C3-C29D-47EC-9D7D-4E6ED5EBEFAD}
		{B47C3893-28DD-4184-B0C9-9E01634DD0BC} = {C07938C3-C29D-47EC-9D7D-4E6ED5EBEFAD}
		{155A31F4-FB8D-4BDC-A557-ACD4B3AD3A32} = {F5F0FF81-BCB3-4F80-92F4-53A729A9539A}
		{725449EF-2E62-478A-996D-911C0D1C2E26} = {F5F0FF81-BCB3-4F80-92F4-53A729A9539A}
	EndGlobalSection
	GlobalSection(ExtensibilityGlobals) = postSolution
		SolutionGuid = {CA964220-4AF3-45D4-BBC2-E555BE55486E}
	EndGlobalSection
EndGlobal
