
Microsoft Visual Studio Solution File, Format Version 12.00
# Visual Studio Version 16
VisualStudioVersion = 16.0.30028.174
MinimumVisualStudioVersion = 10.0.40219.1
Project("{9A19103F-16F7-4668-BE54-9A1E7A4F7556}") = "Runner", "Runner\Runner.csproj", "{F63E3803-458B-49FD-BB13-85DF275C6B2F}"
EndProject
Project("{2150E333-8FDC-42A3-9474-1A3956D46DE8}") = "Project", "Project", "{CB2D8A29-24BB-4448-9434-CBC09EAD5062}"
EndProject
Project("{2150E333-8FDC-42A3-9474-1A3956D46DE8}") = "ZMisc", "ZMisc", "{F5F0FF81-BCB3-4F80-92F4-53A729A9539A}"
EndProject
Project("{9A19103F-16F7-4668-BE54-9A1E7A4F7556}") = "UserService", "UserService\UserService.csproj", "{729F7479-8A33-4C9E-8C76-23B9B34EE6CE}"
EndProject
Project("{2150E333-8FDC-42A3-9474-1A3956D46DE8}") = "UserSvc", "UserSvc", "{C07938C3-C29D-47EC-9D7D-4E6ED5EBEFAD}"
EndProject
Project("{9A19103F-16F7-4668-BE54-9A1E7A4F7556}") = "UserService.Db", "UserDb\UserService.Db.csproj", "{68A342F0-2C67-4ED5-9ECD-C27F53231E8A}"
EndProject
Project("{9A19103F-16F7-4668-BE54-9A1E7A4F7556}") = "UtilitiesStandard", "..\GeneralPurposeLibs\Utilities\UtilitiesStandard\UtilitiesStandard.csproj", "{155A31F4-FB8D-4BDC-A557-ACD4B3AD3A32}"
EndProject
Project("{9A19103F-16F7-4668-BE54-9A1E7A4F7556}") = "UtilitiesStandard.ASPCore", "..\GeneralPurposeLibs\Utilities\UtilitiesStandard.ASPCore\UtilitiesStandard.ASPCore.csproj", "{725449EF-2E62-478A-996D-911C0D1C2E26}"
EndProject
Project("{9A19103F-16F7-4668-BE54-9A1E7A4F7556}") = "Utilities.AutoMapper", "Shared.AutoMapperUtilities\Utilities.AutoMapper.csproj", "{FEB60BB0-D461-44C7-B053-357F24F05E00}"
EndProject
Project("{9A19103F-16F7-4668-BE54-9A1E7A4F7556}") = "UtilitiesStandard.Emit", "..\GeneralPurposeLibs\Utilities\UtilitiesStandard.Emit\UtilitiesStandard.Emit.csproj", "{6EFCF0D3-084B-434E-B483-F313013C8FB6}"
EndProject
Project("{2150E333-8FDC-42A3-9474-1A3956D46DE8}") = "PresentationSvc", "PresentationSvc", "{9788CDA3-343D-4C5E-93DC-10325A7D61DF}"
EndProject
Project("{9A19103F-16F7-4668-BE54-9A1E7A4F7556}") = "PresentationService", "PresentationService\PresentationService.csproj", "{48BD10B4-6B43-4700-A3E7-07369D322720}"
EndProject
Project("{9A19103F-16F7-4668-BE54-9A1E7A4F7556}") = "UserService.API", "UserService.API\UserService.API.csproj", "{71878F18-0067-44F4-BB8D-F6E7A1A46018}"
EndProject
Project("{2150E333-8FDC-42A3-9474-1A3956D46DE8}") = "RunnerSvc", "RunnerSvc", "{1C4BCB08-F098-4275-8412-9D12383444A3}"
EndProject
Project("{2150E333-8FDC-42A3-9474-1A3956D46DE8}") = "TestsStorageSvc", "TestsStorageSvc", "{F5374676-032C-42A7-B73E-C870BCC8D08C}"
EndProject
Project("{9A19103F-16F7-4668-BE54-9A1E7A4F7556}") = "RunnerService", "RunnerService\RunnerService.csproj", "{032D1091-3A21-47A1-AC08-778DF8C92BF4}"
EndProject
Project("{9A19103F-16F7-4668-BE54-9A1E7A4F7556}") = "RunnerService.API", "RunnerService.API\RunnerService.API.csproj", "{F9FB6539-7129-4FE4-B144-36CEEF9924AC}"
EndProject
Project("{9A19103F-16F7-4668-BE54-9A1E7A4F7556}") = "TestsStorageService", "TestsStorage\TestsStorageService.csproj", "{6C76FF94-3458-4975-95BF-E7964AC08893}"
EndProject
Project("{9A19103F-16F7-4668-BE54-9A1E7A4F7556}") = "TestsStorageService.API", "TestsStorage.API\TestsStorageService.API.csproj", "{1FE74FD5-40A4-4DC5-A76A-6808AD101E55}"
EndProject
Project("{9A19103F-16F7-4668-BE54-9A1E7A4F7556}") = "TestsStorageService.Db", "TestsStorageService.Db\TestsStorageService.Db.csproj", "{64CCC009-D7CA-4840-9C26-29791E0CF732}"
EndProject
Project("{9A19103F-16F7-4668-BE54-9A1E7A4F7556}") = "RunnerService.Db", "RunnerService.Db\RunnerService.Db.csproj", "{2D294EAF-F48B-4F94-A6A0-9CF337D4CEC1}"
EndProject
Project("{2150E333-8FDC-42A3-9474-1A3956D46DE8}") = "TestsSourceSvc", "TestsSourceSvc", "{14F81CD8-7E7E-464C-A3C7-F27F66ED954E}"
EndProject
Project("{9A19103F-16F7-4668-BE54-9A1E7A4F7556}") = "ExampleTestsSourceService", "TestsSourceService\ExampleTestsSourceService.csproj", "{2241BC29-3691-4A7D-A47A-8426A7CF05AE}"
EndProject
Project("{9A19103F-16F7-4668-BE54-9A1E7A4F7556}") = "MessageHub", "MessageHub\MessageHub.csproj", "{955E9EEB-1FD7-41E6-A381-7D52EDB51E31}"
EndProject
Project("{9A19103F-16F7-4668-BE54-9A1E7A4F7556}") = "Shared", "Shared\Shared.csproj", "{9C7BBE5F-7DB3-4436-839A-8BC1F66FBA14}"
EndProject
Project("{9A19103F-16F7-4668-BE54-9A1E7A4F7556}") = "PresentationService.API", "PresentationService.API\PresentationService.API.csproj", "{962404F1-3DBA-46D0-9DCE-1D0D5A20A252}"
EndProject
Project("{9A19103F-16F7-4668-BE54-9A1E7A4F7556}") = "Shared.Types", "Shared.Types\Shared.Types.csproj", "{3AB20651-124E-4DB0-9AC0-327951480EA6}"
EndProject
Project("{9A19103F-16F7-4668-BE54-9A1E7A4F7556}") = "Utilities.EFCore31", "Utilities.EFCore31\Utilities.EFCore31.csproj", "{07867641-2552-488B-AF10-198115B872AC}"
EndProject
Project("{9A19103F-16F7-4668-BE54-9A1E7A4F7556}") = "VectorsStandard", "..\GeneralPurposeLibs\Vectors\VectorsStandard\VectorsStandard.csproj", "{54BEC239-2E5D-4647-9926-B4DEC1BD552A}"
EndProject
Project("{2150E333-8FDC-42A3-9474-1A3956D46DE8}") = "A", "A", "{2F1D943D-5D63-4F7F-834C-9C595DF6BE3F}"
EndProject
Project("{2150E333-8FDC-42A3-9474-1A3956D46DE8}") = "Example", "Example", "{88C73780-BCF9-456E-917D-349116E5B055}"
EndProject
Project("{9A19103F-16F7-4668-BE54-9A1E7A4F7556}") = "SampleListener", "..\WORK2\Testkit\src\SampleListener\SampleListener.csproj", "{CC8BEB3F-11BA-43BF-A9D2-BC270BAF767D}"
EndProject
Project("{9A19103F-16F7-4668-BE54-9A1E7A4F7556}") = "RunnerIntergarion", "..\WORK2\Testkit\src\RunnerIntergarion\RunnerIntergarion.csproj", "{9F93741A-5AC9-4DBF-BDF2-AA8A707E3E73}"
EndProject
Project("{9A19103F-16F7-4668-BE54-9A1E7A4F7556}") = "RecordingHandler", "..\WORK2\Testkit\src\OperationHandler\RecordingHandler.csproj", "{8CE37EF6-D932-4156-84DA-04809FB85C4E}"
EndProject
Project("{2150E333-8FDC-42A3-9474-1A3956D46DE8}") = "WebNotificationSvc", "WebNotificationSvc", "{3C5B0476-2979-47AD-8B25-64A6A98AC825}"
EndProject
Project("{FAE04EC0-301F-11D3-BF4B-00C04F79EFBC}") = "WebNotificationService", "WebNotifier\WebNotificationService.csproj", "{66B4534A-1F1C-4D2C-853F-B53FA0BECC0B}"
EndProject
Project("{FAE04EC0-301F-11D3-BF4B-00C04F79EFBC}") = "WebNotificationService.API", "WebNotificationService.API\WebNotificationService.API.csproj", "{30B43F50-47DE-4ECB-806B-F047804D4313}"
EndProject
Global
	GlobalSection(SolutionConfigurationPlatforms) = preSolution
		Debug|Any CPU = Debug|Any CPU
		Release|Any CPU = Release|Any CPU
	EndGlobalSection
	GlobalSection(ProjectConfigurationPlatforms) = postSolution
		{F63E3803-458B-49FD-BB13-85DF275C6B2F}.Debug|Any CPU.ActiveCfg = Debug|Any CPU
		{F63E3803-458B-49FD-BB13-85DF275C6B2F}.Debug|Any CPU.Build.0 = Debug|Any CPU
		{F63E3803-458B-49FD-BB13-85DF275C6B2F}.Release|Any CPU.ActiveCfg = Release|Any CPU
		{F63E3803-458B-49FD-BB13-85DF275C6B2F}.Release|Any CPU.Build.0 = Release|Any CPU
		{729F7479-8A33-4C9E-8C76-23B9B34EE6CE}.Debug|Any CPU.ActiveCfg = Debug|Any CPU
		{729F7479-8A33-4C9E-8C76-23B9B34EE6CE}.Debug|Any CPU.Build.0 = Debug|Any CPU
		{729F7479-8A33-4C9E-8C76-23B9B34EE6CE}.Release|Any CPU.ActiveCfg = Release|Any CPU
		{729F7479-8A33-4C9E-8C76-23B9B34EE6CE}.Release|Any CPU.Build.0 = Release|Any CPU
		{68A342F0-2C67-4ED5-9ECD-C27F53231E8A}.Debug|Any CPU.ActiveCfg = Debug|Any CPU
		{68A342F0-2C67-4ED5-9ECD-C27F53231E8A}.Debug|Any CPU.Build.0 = Debug|Any CPU
		{68A342F0-2C67-4ED5-9ECD-C27F53231E8A}.Release|Any CPU.ActiveCfg = Release|Any CPU
		{68A342F0-2C67-4ED5-9ECD-C27F53231E8A}.Release|Any CPU.Build.0 = Release|Any CPU
		{155A31F4-FB8D-4BDC-A557-ACD4B3AD3A32}.Debug|Any CPU.ActiveCfg = Debug|Any CPU
		{155A31F4-FB8D-4BDC-A557-ACD4B3AD3A32}.Debug|Any CPU.Build.0 = Debug|Any CPU
		{155A31F4-FB8D-4BDC-A557-ACD4B3AD3A32}.Release|Any CPU.ActiveCfg = Release|Any CPU
		{155A31F4-FB8D-4BDC-A557-ACD4B3AD3A32}.Release|Any CPU.Build.0 = Release|Any CPU
		{725449EF-2E62-478A-996D-911C0D1C2E26}.Debug|Any CPU.ActiveCfg = Debug|Any CPU
		{725449EF-2E62-478A-996D-911C0D1C2E26}.Debug|Any CPU.Build.0 = Debug|Any CPU
		{725449EF-2E62-478A-996D-911C0D1C2E26}.Release|Any CPU.ActiveCfg = Release|Any CPU
		{725449EF-2E62-478A-996D-911C0D1C2E26}.Release|Any CPU.Build.0 = Release|Any CPU
		{FEB60BB0-D461-44C7-B053-357F24F05E00}.Debug|Any CPU.ActiveCfg = Debug|Any CPU
		{FEB60BB0-D461-44C7-B053-357F24F05E00}.Debug|Any CPU.Build.0 = Debug|Any CPU
		{FEB60BB0-D461-44C7-B053-357F24F05E00}.Release|Any CPU.ActiveCfg = Release|Any CPU
		{FEB60BB0-D461-44C7-B053-357F24F05E00}.Release|Any CPU.Build.0 = Release|Any CPU
		{6EFCF0D3-084B-434E-B483-F313013C8FB6}.Debug|Any CPU.ActiveCfg = Debug|Any CPU
		{6EFCF0D3-084B-434E-B483-F313013C8FB6}.Debug|Any CPU.Build.0 = Debug|Any CPU
		{6EFCF0D3-084B-434E-B483-F313013C8FB6}.Release|Any CPU.ActiveCfg = Release|Any CPU
		{6EFCF0D3-084B-434E-B483-F313013C8FB6}.Release|Any CPU.Build.0 = Release|Any CPU
		{48BD10B4-6B43-4700-A3E7-07369D322720}.Debug|Any CPU.ActiveCfg = Debug|Any CPU
		{48BD10B4-6B43-4700-A3E7-07369D322720}.Debug|Any CPU.Build.0 = Debug|Any CPU
		{48BD10B4-6B43-4700-A3E7-07369D322720}.Release|Any CPU.ActiveCfg = Release|Any CPU
		{48BD10B4-6B43-4700-A3E7-07369D322720}.Release|Any CPU.Build.0 = Release|Any CPU
		{71878F18-0067-44F4-BB8D-F6E7A1A46018}.Debug|Any CPU.ActiveCfg = Debug|Any CPU
		{71878F18-0067-44F4-BB8D-F6E7A1A46018}.Debug|Any CPU.Build.0 = Debug|Any CPU
		{71878F18-0067-44F4-BB8D-F6E7A1A46018}.Release|Any CPU.ActiveCfg = Release|Any CPU
		{71878F18-0067-44F4-BB8D-F6E7A1A46018}.Release|Any CPU.Build.0 = Release|Any CPU
		{032D1091-3A21-47A1-AC08-778DF8C92BF4}.Debug|Any CPU.ActiveCfg = Debug|Any CPU
		{032D1091-3A21-47A1-AC08-778DF8C92BF4}.Debug|Any CPU.Build.0 = Debug|Any CPU
		{032D1091-3A21-47A1-AC08-778DF8C92BF4}.Release|Any CPU.ActiveCfg = Release|Any CPU
		{032D1091-3A21-47A1-AC08-778DF8C92BF4}.Release|Any CPU.Build.0 = Release|Any CPU
		{F9FB6539-7129-4FE4-B144-36CEEF9924AC}.Debug|Any CPU.ActiveCfg = Debug|Any CPU
		{F9FB6539-7129-4FE4-B144-36CEEF9924AC}.Debug|Any CPU.Build.0 = Debug|Any CPU
		{F9FB6539-7129-4FE4-B144-36CEEF9924AC}.Release|Any CPU.ActiveCfg = Release|Any CPU
		{F9FB6539-7129-4FE4-B144-36CEEF9924AC}.Release|Any CPU.Build.0 = Release|Any CPU
		{6C76FF94-3458-4975-95BF-E7964AC08893}.Debug|Any CPU.ActiveCfg = Debug|Any CPU
		{6C76FF94-3458-4975-95BF-E7964AC08893}.Debug|Any CPU.Build.0 = Debug|Any CPU
		{6C76FF94-3458-4975-95BF-E7964AC08893}.Release|Any CPU.ActiveCfg = Release|Any CPU
		{6C76FF94-3458-4975-95BF-E7964AC08893}.Release|Any CPU.Build.0 = Release|Any CPU
		{1FE74FD5-40A4-4DC5-A76A-6808AD101E55}.Debug|Any CPU.ActiveCfg = Debug|Any CPU
		{1FE74FD5-40A4-4DC5-A76A-6808AD101E55}.Debug|Any CPU.Build.0 = Debug|Any CPU
		{1FE74FD5-40A4-4DC5-A76A-6808AD101E55}.Release|Any CPU.ActiveCfg = Release|Any CPU
		{1FE74FD5-40A4-4DC5-A76A-6808AD101E55}.Release|Any CPU.Build.0 = Release|Any CPU
		{64CCC009-D7CA-4840-9C26-29791E0CF732}.Debug|Any CPU.ActiveCfg = Debug|Any CPU
		{64CCC009-D7CA-4840-9C26-29791E0CF732}.Debug|Any CPU.Build.0 = Debug|Any CPU
		{64CCC009-D7CA-4840-9C26-29791E0CF732}.Release|Any CPU.ActiveCfg = Release|Any CPU
		{64CCC009-D7CA-4840-9C26-29791E0CF732}.Release|Any CPU.Build.0 = Release|Any CPU
		{2D294EAF-F48B-4F94-A6A0-9CF337D4CEC1}.Debug|Any CPU.ActiveCfg = Debug|Any CPU
		{2D294EAF-F48B-4F94-A6A0-9CF337D4CEC1}.Debug|Any CPU.Build.0 = Debug|Any CPU
		{2D294EAF-F48B-4F94-A6A0-9CF337D4CEC1}.Release|Any CPU.ActiveCfg = Release|Any CPU
		{2D294EAF-F48B-4F94-A6A0-9CF337D4CEC1}.Release|Any CPU.Build.0 = Release|Any CPU
		{2241BC29-3691-4A7D-A47A-8426A7CF05AE}.Debug|Any CPU.ActiveCfg = Debug|Any CPU
		{2241BC29-3691-4A7D-A47A-8426A7CF05AE}.Debug|Any CPU.Build.0 = Debug|Any CPU
		{2241BC29-3691-4A7D-A47A-8426A7CF05AE}.Release|Any CPU.ActiveCfg = Release|Any CPU
		{2241BC29-3691-4A7D-A47A-8426A7CF05AE}.Release|Any CPU.Build.0 = Release|Any CPU
		{955E9EEB-1FD7-41E6-A381-7D52EDB51E31}.Debug|Any CPU.ActiveCfg = Debug|Any CPU
		{955E9EEB-1FD7-41E6-A381-7D52EDB51E31}.Debug|Any CPU.Build.0 = Debug|Any CPU
		{955E9EEB-1FD7-41E6-A381-7D52EDB51E31}.Release|Any CPU.ActiveCfg = Release|Any CPU
		{955E9EEB-1FD7-41E6-A381-7D52EDB51E31}.Release|Any CPU.Build.0 = Release|Any CPU
		{9C7BBE5F-7DB3-4436-839A-8BC1F66FBA14}.Debug|Any CPU.ActiveCfg = Debug|Any CPU
		{9C7BBE5F-7DB3-4436-839A-8BC1F66FBA14}.Debug|Any CPU.Build.0 = Debug|Any CPU
		{9C7BBE5F-7DB3-4436-839A-8BC1F66FBA14}.Release|Any CPU.ActiveCfg = Release|Any CPU
		{9C7BBE5F-7DB3-4436-839A-8BC1F66FBA14}.Release|Any CPU.Build.0 = Release|Any CPU
		{962404F1-3DBA-46D0-9DCE-1D0D5A20A252}.Debug|Any CPU.ActiveCfg = Debug|Any CPU
		{962404F1-3DBA-46D0-9DCE-1D0D5A20A252}.Debug|Any CPU.Build.0 = Debug|Any CPU
		{962404F1-3DBA-46D0-9DCE-1D0D5A20A252}.Release|Any CPU.ActiveCfg = Release|Any CPU
		{962404F1-3DBA-46D0-9DCE-1D0D5A20A252}.Release|Any CPU.Build.0 = Release|Any CPU
		{3AB20651-124E-4DB0-9AC0-327951480EA6}.Debug|Any CPU.ActiveCfg = Debug|Any CPU
		{3AB20651-124E-4DB0-9AC0-327951480EA6}.Debug|Any CPU.Build.0 = Debug|Any CPU
		{3AB20651-124E-4DB0-9AC0-327951480EA6}.Release|Any CPU.ActiveCfg = Release|Any CPU
		{3AB20651-124E-4DB0-9AC0-327951480EA6}.Release|Any CPU.Build.0 = Release|Any CPU
		{07867641-2552-488B-AF10-198115B872AC}.Debug|Any CPU.ActiveCfg = Debug|Any CPU
		{07867641-2552-488B-AF10-198115B872AC}.Debug|Any CPU.Build.0 = Debug|Any CPU
		{07867641-2552-488B-AF10-198115B872AC}.Release|Any CPU.ActiveCfg = Release|Any CPU
		{07867641-2552-488B-AF10-198115B872AC}.Release|Any CPU.Build.0 = Release|Any CPU
		{54BEC239-2E5D-4647-9926-B4DEC1BD552A}.Debug|Any CPU.ActiveCfg = Debug|Any CPU
		{54BEC239-2E5D-4647-9926-B4DEC1BD552A}.Debug|Any CPU.Build.0 = Debug|Any CPU
		{54BEC239-2E5D-4647-9926-B4DEC1BD552A}.Release|Any CPU.ActiveCfg = Release|Any CPU
		{54BEC239-2E5D-4647-9926-B4DEC1BD552A}.Release|Any CPU.Build.0 = Release|Any CPU
		{CC8BEB3F-11BA-43BF-A9D2-BC270BAF767D}.Debug|Any CPU.ActiveCfg = Debug|Any CPU
		{CC8BEB3F-11BA-43BF-A9D2-BC270BAF767D}.Debug|Any CPU.Build.0 = Debug|Any CPU
		{CC8BEB3F-11BA-43BF-A9D2-BC270BAF767D}.Release|Any CPU.ActiveCfg = Release|Any CPU
		{CC8BEB3F-11BA-43BF-A9D2-BC270BAF767D}.Release|Any CPU.Build.0 = Release|Any CPU
		{9F93741A-5AC9-4DBF-BDF2-AA8A707E3E73}.Debug|Any CPU.ActiveCfg = Debug|Any CPU
		{9F93741A-5AC9-4DBF-BDF2-AA8A707E3E73}.Debug|Any CPU.Build.0 = Debug|Any CPU
		{9F93741A-5AC9-4DBF-BDF2-AA8A707E3E73}.Release|Any CPU.ActiveCfg = Release|Any CPU
		{9F93741A-5AC9-4DBF-BDF2-AA8A707E3E73}.Release|Any CPU.Build.0 = Release|Any CPU
		{8CE37EF6-D932-4156-84DA-04809FB85C4E}.Debug|Any CPU.ActiveCfg = Debug|Any CPU
		{8CE37EF6-D932-4156-84DA-04809FB85C4E}.Debug|Any CPU.Build.0 = Debug|Any CPU
		{8CE37EF6-D932-4156-84DA-04809FB85C4E}.Release|Any CPU.ActiveCfg = Release|Any CPU
		{8CE37EF6-D932-4156-84DA-04809FB85C4E}.Release|Any CPU.Build.0 = Release|Any CPU
		{66B4534A-1F1C-4D2C-853F-B53FA0BECC0B}.Debug|Any CPU.ActiveCfg = Debug|Any CPU
		{66B4534A-1F1C-4D2C-853F-B53FA0BECC0B}.Debug|Any CPU.Build.0 = Debug|Any CPU
		{66B4534A-1F1C-4D2C-853F-B53FA0BECC0B}.Release|Any CPU.ActiveCfg = Release|Any CPU
		{66B4534A-1F1C-4D2C-853F-B53FA0BECC0B}.Release|Any CPU.Build.0 = Release|Any CPU
		{30B43F50-47DE-4ECB-806B-F047804D4313}.Debug|Any CPU.ActiveCfg = Debug|Any CPU
		{30B43F50-47DE-4ECB-806B-F047804D4313}.Debug|Any CPU.Build.0 = Debug|Any CPU
		{30B43F50-47DE-4ECB-806B-F047804D4313}.Release|Any CPU.ActiveCfg = Release|Any CPU
		{30B43F50-47DE-4ECB-806B-F047804D4313}.Release|Any CPU.Build.0 = Release|Any CPU
	EndGlobalSection
	GlobalSection(SolutionProperties) = preSolution
		HideSolutionNode = FALSE
	EndGlobalSection
	GlobalSection(NestedProjects) = preSolution
		{F63E3803-458B-49FD-BB13-85DF275C6B2F} = {CB2D8A29-24BB-4448-9434-CBC09EAD5062}
		{729F7479-8A33-4C9E-8C76-23B9B34EE6CE} = {C07938C3-C29D-47EC-9D7D-4E6ED5EBEFAD}
		{C07938C3-C29D-47EC-9D7D-4E6ED5EBEFAD} = {CB2D8A29-24BB-4448-9434-CBC09EAD5062}
		{68A342F0-2C67-4ED5-9ECD-C27F53231E8A} = {C07938C3-C29D-47EC-9D7D-4E6ED5EBEFAD}
		{155A31F4-FB8D-4BDC-A557-ACD4B3AD3A32} = {F5F0FF81-BCB3-4F80-92F4-53A729A9539A}
		{725449EF-2E62-478A-996D-911C0D1C2E26} = {F5F0FF81-BCB3-4F80-92F4-53A729A9539A}
		{FEB60BB0-D461-44C7-B053-357F24F05E00} = {F5F0FF81-BCB3-4F80-92F4-53A729A9539A}
		{6EFCF0D3-084B-434E-B483-F313013C8FB6} = {F5F0FF81-BCB3-4F80-92F4-53A729A9539A}
		{9788CDA3-343D-4C5E-93DC-10325A7D61DF} = {CB2D8A29-24BB-4448-9434-CBC09EAD5062}
		{48BD10B4-6B43-4700-A3E7-07369D322720} = {9788CDA3-343D-4C5E-93DC-10325A7D61DF}
		{71878F18-0067-44F4-BB8D-F6E7A1A46018} = {C07938C3-C29D-47EC-9D7D-4E6ED5EBEFAD}
		{1C4BCB08-F098-4275-8412-9D12383444A3} = {CB2D8A29-24BB-4448-9434-CBC09EAD5062}
		{F5374676-032C-42A7-B73E-C870BCC8D08C} = {CB2D8A29-24BB-4448-9434-CBC09EAD5062}
		{032D1091-3A21-47A1-AC08-778DF8C92BF4} = {1C4BCB08-F098-4275-8412-9D12383444A3}
		{F9FB6539-7129-4FE4-B144-36CEEF9924AC} = {1C4BCB08-F098-4275-8412-9D12383444A3}
		{6C76FF94-3458-4975-95BF-E7964AC08893} = {F5374676-032C-42A7-B73E-C870BCC8D08C}
		{1FE74FD5-40A4-4DC5-A76A-6808AD101E55} = {F5374676-032C-42A7-B73E-C870BCC8D08C}
		{64CCC009-D7CA-4840-9C26-29791E0CF732} = {F5374676-032C-42A7-B73E-C870BCC8D08C}
		{2D294EAF-F48B-4F94-A6A0-9CF337D4CEC1} = {1C4BCB08-F098-4275-8412-9D12383444A3}
		{14F81CD8-7E7E-464C-A3C7-F27F66ED954E} = {CB2D8A29-24BB-4448-9434-CBC09EAD5062}
		{2241BC29-3691-4A7D-A47A-8426A7CF05AE} = {88C73780-BCF9-456E-917D-349116E5B055}
		{955E9EEB-1FD7-41E6-A381-7D52EDB51E31} = {CB2D8A29-24BB-4448-9434-CBC09EAD5062}
		{9C7BBE5F-7DB3-4436-839A-8BC1F66FBA14} = {CB2D8A29-24BB-4448-9434-CBC09EAD5062}
		{962404F1-3DBA-46D0-9DCE-1D0D5A20A252} = {9788CDA3-343D-4C5E-93DC-10325A7D61DF}
		{3AB20651-124E-4DB0-9AC0-327951480EA6} = {CB2D8A29-24BB-4448-9434-CBC09EAD5062}
		{07867641-2552-488B-AF10-198115B872AC} = {F5F0FF81-BCB3-4F80-92F4-53A729A9539A}
		{54BEC239-2E5D-4647-9926-B4DEC1BD552A} = {F5F0FF81-BCB3-4F80-92F4-53A729A9539A}
		{2F1D943D-5D63-4F7F-834C-9C595DF6BE3F} = {14F81CD8-7E7E-464C-A3C7-F27F66ED954E}
		{88C73780-BCF9-456E-917D-349116E5B055} = {14F81CD8-7E7E-464C-A3C7-F27F66ED954E}
		{CC8BEB3F-11BA-43BF-A9D2-BC270BAF767D} = {2F1D943D-5D63-4F7F-834C-9C595DF6BE3F}
		{9F93741A-5AC9-4DBF-BDF2-AA8A707E3E73} = {2F1D943D-5D63-4F7F-834C-9C595DF6BE3F}
		{8CE37EF6-D932-4156-84DA-04809FB85C4E} = {2F1D943D-5D63-4F7F-834C-9C595DF6BE3F}
		{3C5B0476-2979-47AD-8B25-64A6A98AC825} = {CB2D8A29-24BB-4448-9434-CBC09EAD5062}
		{66B4534A-1F1C-4D2C-853F-B53FA0BECC0B} = {3C5B0476-2979-47AD-8B25-64A6A98AC825}
		{30B43F50-47DE-4ECB-806B-F047804D4313} = {3C5B0476-2979-47AD-8B25-64A6A98AC825}
	EndGlobalSection
	GlobalSection(ExtensibilityGlobals) = postSolution
		SolutionGuid = {CA964220-4AF3-45D4-BBC2-E555BE55486E}
	EndGlobalSection
EndGlobal
